// !$*UTF8*$!
{
	archiveVersion = 1;
	classes = {
	};
	objectVersion = 46;
	objects = {

/* Begin PBXBuildFile section */
		AEB6D1A71E46C226006A23EB /* AppDelegate.swift in Sources */ = {isa = PBXBuildFile; fileRef = AEB6D1A61E46C226006A23EB /* AppDelegate.swift */; };
		AEB6D1AC1E46C226006A23EB /* Main.storyboard in Resources */ = {isa = PBXBuildFile; fileRef = AEB6D1AA1E46C226006A23EB /* Main.storyboard */; };
		AEB6D1AE1E46C226006A23EB /* Assets.xcassets in Resources */ = {isa = PBXBuildFile; fileRef = AEB6D1AD1E46C226006A23EB /* Assets.xcassets */; };
		AEB6D1B11E46C226006A23EB /* LaunchScreen.storyboard in Resources */ = {isa = PBXBuildFile; fileRef = AEB6D1AF1E46C226006A23EB /* LaunchScreen.storyboard */; };
		AEB6D1C11E46C828006A23EB /* Defines.swift in Sources */ = {isa = PBXBuildFile; fileRef = AEB6D1C01E46C828006A23EB /* Defines.swift */; };
		AEB6D1CD1E46CA65006A23EB /* HomePageViewController.swift in Sources */ = {isa = PBXBuildFile; fileRef = AEB6D1CC1E46CA65006A23EB /* HomePageViewController.swift */; };
/* End PBXBuildFile section */

/* Begin PBXFileReference section */
		AEB6D1A31E46C226006A23EB /* NewsReader.app */ = {isa = PBXFileReference; explicitFileType = wrapper.application; includeInIndex = 0; path = NewsReader.app; sourceTree = BUILT_PRODUCTS_DIR; };
		AEB6D1A61E46C226006A23EB /* AppDelegate.swift */ = {isa = PBXFileReference; lastKnownFileType = sourcecode.swift; path = AppDelegate.swift; sourceTree = "<group>"; };
		AEB6D1AB1E46C226006A23EB /* Base */ = {isa = PBXFileReference; lastKnownFileType = file.storyboard; name = Base; path = Base.lproj/Main.storyboard; sourceTree = "<group>"; };
		AEB6D1AD1E46C226006A23EB /* Assets.xcassets */ = {isa = PBXFileReference; lastKnownFileType = folder.assetcatalog; path = Assets.xcassets; sourceTree = "<group>"; };
		AEB6D1B01E46C226006A23EB /* Base */ = {isa = PBXFileReference; lastKnownFileType = file.storyboard; name = Base; path = Base.lproj/LaunchScreen.storyboard; sourceTree = "<group>"; };
		AEB6D1B21E46C226006A23EB /* Info.plist */ = {isa = PBXFileReference; lastKnownFileType = text.plist.xml; path = Info.plist; sourceTree = "<group>"; };
		AEB6D1B81E46C6EA006A23EB /* Readme */ = {isa = PBXFileReference; lastKnownFileType = text; path = Readme; sourceTree = "<group>"; };
		AEB6D1C01E46C828006A23EB /* Defines.swift */ = {isa = PBXFileReference; fileEncoding = 4; lastKnownFileType = sourcecode.swift; path = Defines.swift; sourceTree = "<group>"; };
		AEB6D1CC1E46CA65006A23EB /* HomePageViewController.swift */ = {isa = PBXFileReference; fileEncoding = 4; lastKnownFileType = sourcecode.swift; path = HomePageViewController.swift; sourceTree = "<group>"; };
/* End PBXFileReference section */

/* Begin PBXFrameworksBuildPhase section */
		AEB6D1A01E46C226006A23EB /* Frameworks */ = {
			isa = PBXFrameworksBuildPhase;
			buildActionMask = 2147483647;
			files = (
			);
			runOnlyForDeploymentPostprocessing = 0;
		};
/* End PBXFrameworksBuildPhase section */

/* Begin PBXGroup section */
		AEB6D19A1E46C226006A23EB = {
			isa = PBXGroup;
			children = (
				AEB6D1B81E46C6EA006A23EB /* Readme */,
				AEB6D1A51E46C226006A23EB /* NewsReader */,
				AEB6D1A41E46C226006A23EB /* Products */,
			);
			sourceTree = "<group>";
		};
		AEB6D1A41E46C226006A23EB /* Products */ = {
			isa = PBXGroup;
			children = (
				AEB6D1A31E46C226006A23EB /* NewsReader.app */,
			);
			name = Products;
			sourceTree = "<group>";
		};
		AEB6D1A51E46C226006A23EB /* NewsReader */ = {
			isa = PBXGroup;
			children = (
				AEB6D1C31E46C83F006A23EB /* Resources */,
				AEB6D1BC1E46C772006A23EB /* Global */,
				AEB6D1B91E46C748006A23EB /* Controller */,
				AEB6D1BA1E46C759006A23EB /* Model */,
				AEB6D1BB1E46C763006A23EB /* Network */,
				AEB6D1BD1E46C77B006A23EB /* DB */,
				AEB6D1BE1E46C79D006A23EB /* Utility */,
				AEB6D1BF1E46C7A4006A23EB /* ThirdSDK */,
				AEB6D1A61E46C226006A23EB /* AppDelegate.swift */,
				AEB6D1C01E46C828006A23EB /* Defines.swift */,
				AEB6D1AA1E46C226006A23EB /* Main.storyboard */,
				AEB6D1AF1E46C226006A23EB /* LaunchScreen.storyboard */,
				AEB6D1B21E46C226006A23EB /* Info.plist */,
			);
			path = NewsReader;
			sourceTree = "<group>";
		};
		AEB6D1B91E46C748006A23EB /* Controller */ = {
			isa = PBXGroup;
			children = (
				AEB6D1CC1E46CA65006A23EB /* HomePageViewController.swift */,
				AEB6D1C61E46C87D006A23EB /* Page */,
				AEB6D1C51E46C874006A23EB /* Widget */,
				AEB6D1C41E46C86E006A23EB /* Cell */,
			);
			name = Controller;
			sourceTree = "<group>";
		};
		AEB6D1BA1E46C759006A23EB /* Model */ = {
			isa = PBXGroup;
			children = (
			);
			name = Model;
			sourceTree = "<group>";
		};
		AEB6D1BB1E46C763006A23EB /* Network */ = {
			isa = PBXGroup;
			children = (
			);
			name = Network;
			sourceTree = "<group>";
		};
		AEB6D1BC1E46C772006A23EB /* Global */ = {
			isa = PBXGroup;
			children = (
			);
			name = Global;
			sourceTree = "<group>";
		};
		AEB6D1BD1E46C77B006A23EB /* DB */ = {
			isa = PBXGroup;
			children = (
			);
			name = DB;
			sourceTree = "<group>";
		};
		AEB6D1BE1E46C79D006A23EB /* Utility */ = {
			isa = PBXGroup;
			children = (
			);
			name = Utility;
			sourceTree = "<group>";
		};
		AEB6D1BF1E46C7A4006A23EB /* ThirdSDK */ = {
			isa = PBXGroup;
			children = (
			);
			name = ThirdSDK;
			sourceTree = "<group>";
		};
		AEB6D1C31E46C83F006A23EB /* Resources */ = {
			isa = PBXGroup;
			children = (
				AEB6D1C71E46C8B4006A23EB /* Config */,
				AEB6D1C91E46C8CD006A23EB /* Xib */,
				AEB6D1C81E46C8C7006A23EB /* Image */,
			);
			name = Resources;
			sourceTree = "<group>";
		};
		AEB6D1C41E46C86E006A23EB /* Cell */ = {
			isa = PBXGroup;
			children = (
			);
			name = Cell;
			sourceTree = "<group>";
		};
		AEB6D1C51E46C874006A23EB /* Widget */ = {
			isa = PBXGroup;
			children = (
			);
			name = Widget;
			sourceTree = "<group>";
		};
		AEB6D1C61E46C87D006A23EB /* Page */ = {
			isa = PBXGroup;
			children = (
			);
			name = Page;
			sourceTree = "<group>";
		};
		AEB6D1C71E46C8B4006A23EB /* Config */ = {
			isa = PBXGroup;
			children = (
			);
			name = Config;
			sourceTree = "<group>";
		};
		AEB6D1C81E46C8C7006A23EB /* Image */ = {
			isa = PBXGroup;
			children = (
				AEB6D1AD1E46C226006A23EB /* Assets.xcassets */,
			);
			name = Image;
			sourceTree = "<group>";
		};
		AEB6D1C91E46C8CD006A23EB /* Xib */ = {
			isa = PBXGroup;
			children = (
			);
			name = Xib;
			sourceTree = "<group>";
		};
/* End PBXGroup section */

/* Begin PBXNativeTarget section */
		AEB6D1A21E46C226006A23EB /* NewsReader */ = {
			isa = PBXNativeTarget;
			buildConfigurationList = AEB6D1B51E46C226006A23EB /* Build configuration list for PBXNativeTarget "NewsReader" */;
			buildPhases = (
				AEB6D19F1E46C226006A23EB /* Sources */,
				AEB6D1A01E46C226006A23EB /* Frameworks */,
				AEB6D1A11E46C226006A23EB /* Resources */,
			);
			buildRules = (
			);
			dependencies = (
			);
			name = NewsReader;
			productName = NewsReader;
			productReference = AEB6D1A31E46C226006A23EB /* NewsReader.app */;
			productType = "com.apple.product-type.application";
		};
/* End PBXNativeTarget section */

/* Begin PBXProject section */
		AEB6D19B1E46C226006A23EB /* Project object */ = {
			isa = PBXProject;
			attributes = {
				LastSwiftUpdateCheck = 0800;
				LastUpgradeCheck = 0800;
				ORGANIZATIONNAME = suisuiyi;
				TargetAttributes = {
					AEB6D1A21E46C226006A23EB = {
						CreatedOnToolsVersion = 8.0;
						ProvisioningStyle = Automatic;
					};
				};
			};
			buildConfigurationList = AEB6D19E1E46C226006A23EB /* Build configuration list for PBXProject "NewsReader" */;
			compatibilityVersion = "Xcode 3.2";
			developmentRegion = English;
			hasScannedForEncodings = 0;
			knownRegions = (
				en,
				Base,
			);
			mainGroup = AEB6D19A1E46C226006A23EB;
			productRefGroup = AEB6D1A41E46C226006A23EB /* Products */;
			projectDirPath = "";
			projectRoot = "";
			targets = (
				AEB6D1A21E46C226006A23EB /* NewsReader */,
			);
		};
/* End PBXProject section */

/* Begin PBXResourcesBuildPhase section */
		AEB6D1A11E46C226006A23EB /* Resources */ = {
			isa = PBXResourcesBuildPhase;
			buildActionMask = 2147483647;
			files = (
				AEB6D1B11E46C226006A23EB /* LaunchScreen.storyboard in Resources */,
				AEB6D1AE1E46C226006A23EB /* Assets.xcassets in Resources */,
				AEB6D1AC1E46C226006A23EB /* Main.storyboard in Resources */,
			);
			runOnlyForDeploymentPostprocessing = 0;
		};
/* End PBXResourcesBuildPhase section */

/* Begin PBXSourcesBuildPhase section */
		AEB6D19F1E46C226006A23EB /* Sources */ = {
			isa = PBXSourcesBuildPhase;
			buildActionMask = 2147483647;
			files = (
				AEB6D1A71E46C226006A23EB /* AppDelegate.swift in Sources */,
				AEB6D1C11E46C828006A23EB /* Defines.swift in Sources */,
				AEB6D1CD1E46CA65006A23EB /* HomePageViewController.swift in Sources */,
			);
			runOnlyForDeploymentPostprocessing = 0;
		};
/* End PBXSourcesBuildPhase section */

/* Begin PBXVariantGroup section */
		AEB6D1AA1E46C226006A23EB /* Main.storyboard */ = {
			isa = PBXVariantGroup;
			children = (
				AEB6D1AB1E46C226006A23EB /* Base */,
			);
			name = Main.storyboard;
			sourceTree = "<group>";
		};
		AEB6D1AF1E46C226006A23EB /* LaunchScreen.storyboard */ = {
			isa = PBXVariantGroup;
			children = (
				AEB6D1B01E46C226006A23EB /* Base */,
			);
			name = LaunchScreen.storyboard;
			sourceTree = "<group>";
		};
/* End PBXVariantGroup section */

/* Begin XCBuildConfiguration section */
		AEB6D1B31E46C226006A23EB /* Debug */ = {
			isa = XCBuildConfiguration;
			buildSettings = {
				ALWAYS_SEARCH_USER_PATHS = NO;
				CLANG_ANALYZER_NONNULL = YES;
				CLANG_CXX_LANGUAGE_STANDARD = "gnu++0x";
				CLANG_CXX_LIBRARY = "libc++";
				CLANG_ENABLE_MODULES = YES;
				CLANG_ENABLE_OBJC_ARC = YES;
				CLANG_WARN_BOOL_CONVERSION = YES;
				CLANG_WARN_CONSTANT_CONVERSION = YES;
				CLANG_WARN_DIRECT_OBJC_ISA_USAGE = YES_ERROR;
				CLANG_WARN_DOCUMENTATION_COMMENTS = YES;
				CLANG_WARN_EMPTY_BODY = YES;
				CLANG_WARN_ENUM_CONVERSION = YES;
				CLANG_WARN_INFINITE_RECURSION = YES;
				CLANG_WARN_INT_CONVERSION = YES;
				CLANG_WARN_OBJC_ROOT_CLASS = YES_ERROR;
				CLANG_WARN_SUSPICIOUS_MOVES = YES;
				CLANG_WARN_UNREACHABLE_CODE = YES;
				CLANG_WARN__DUPLICATE_METHOD_MATCH = YES;
				"CODE_SIGN_IDENTITY[sdk=iphoneos*]" = "iPhone Developer";
				COPY_PHASE_STRIP = NO;
				DEBUG_INFORMATION_FORMAT = dwarf;
				ENABLE_STRICT_OBJC_MSGSEND = YES;
				ENABLE_TESTABILITY = YES;
				GCC_C_LANGUAGE_STANDARD = gnu99;
				GCC_DYNAMIC_NO_PIC = NO;
				GCC_NO_COMMON_BLOCKS = YES;
				GCC_OPTIMIZATION_LEVEL = 0;
				GCC_PREPROCESSOR_DEFINITIONS = (
					"DEBUG=1",
					"$(inherited)",
				);
				GCC_WARN_64_TO_32_BIT_CONVERSION = YES;
				GCC_WARN_ABOUT_RETURN_TYPE = YES_ERROR;
				GCC_WARN_UNDECLARED_SELECTOR = YES;
				GCC_WARN_UNINITIALIZED_AUTOS = YES_AGGRESSIVE;
				GCC_WARN_UNUSED_FUNCTION = YES;
				GCC_WARN_UNUSED_VARIABLE = YES;
				IPHONEOS_DEPLOYMENT_TARGET = 10.0;
				MTL_ENABLE_DEBUG_INFO = YES;
				ONLY_ACTIVE_ARCH = YES;
				SDKROOT = iphoneos;
				SWIFT_ACTIVE_COMPILATION_CONDITIONS = DEBUG;
				SWIFT_OPTIMIZATION_LEVEL = "-Onone";
			};
			name = Debug;
		};
		AEB6D1B41E46C226006A23EB /* Release */ = {
			isa = XCBuildConfiguration;
			buildSettings = {
				ALWAYS_SEARCH_USER_PATHS = NO;
				CLANG_ANALYZER_NONNULL = YES;
				CLANG_CXX_LANGUAGE_STANDARD = "gnu++0x";
				CLANG_CXX_LIBRARY = "libc++";
				CLANG_ENABLE_MODULES = YES;
				CLANG_ENABLE_OBJC_ARC = YES;
				CLANG_WARN_BOOL_CONVERSION = YES;
				CLANG_WARN_CONSTANT_CONVERSION = YES;
				CLANG_WARN_DIRECT_OBJC_ISA_USAGE = YES_ERROR;
				CLANG_WARN_DOCUMENTATION_COMMENTS = YES;
				CLANG_WARN_EMPTY_BODY = YES;
				CLANG_WARN_ENUM_CONVERSION = YES;
				CLANG_WARN_INFINITE_RECURSION = YES;
				CLANG_WARN_INT_CONVERSION = YES;
				CLANG_WARN_OBJC_ROOT_CLASS = YES_ERROR;
				CLANG_WARN_SUSPICIOUS_MOVES = YES;
				CLANG_WARN_UNREACHABLE_CODE = YES;
				CLANG_WARN__DUPLICATE_METHOD_MATCH = YES;
				"CODE_SIGN_IDENTITY[sdk=iphoneos*]" = "iPhone Developer";
				COPY_PHASE_STRIP = NO;
				DEBUG_INFORMATION_FORMAT = "dwarf-with-dsym";
				ENABLE_NS_ASSERTIONS = NO;
				ENABLE_STRICT_OBJC_MSGSEND = YES;
				GCC_C_LANGUAGE_STANDARD = gnu99;
				GCC_NO_COMMON_BLOCKS = YES;
				GCC_WARN_64_TO_32_BIT_CONVERSION = YES;
				GCC_WARN_ABOUT_RETURN_TYPE = YES_ERROR;
				GCC_WARN_UNDECLARED_SELECTOR = YES;
				GCC_WARN_UNINITIALIZED_AUTOS = YES_AGGRESSIVE;
				GCC_WARN_UNUSED_FUNCTION = YES;
				GCC_WARN_UNUSED_VARIABLE = YES;
				IPHONEOS_DEPLOYMENT_TARGET = 10.0;
				MTL_ENABLE_DEBUG_INFO = NO;
				SDKROOT = iphoneos;
				SWIFT_OPTIMIZATION_LEVEL = "-Owholemodule";
				VALIDATE_PRODUCT = YES;
			};
			name = Release;
		};
		AEB6D1B61E46C226006A23EB /* Debug */ = {
			isa = XCBuildConfiguration;
			buildSettings = {
				ASSETCATALOG_COMPILER_APPICON_NAME = AppIcon;
				INFOPLIST_FILE = NewsReader/Info.plist;
				LD_RUNPATH_SEARCH_PATHS = "$(inherited) @executable_path/Frameworks";
				PRODUCT_BUNDLE_IDENTIFIER = self.edu.NewsReader;
				PRODUCT_NAME = "$(TARGET_NAME)";
				SWIFT_VERSION = 3.0;
			};
			name = Debug;
		};
		AEB6D1B71E46C226006A23EB /* Release */ = {
			isa = XCBuildConfiguration;
			buildSettings = {
				ASSETCATALOG_COMPILER_APPICON_NAME = AppIcon;
				INFOPLIST_FILE = NewsReader/Info.plist;
				LD_RUNPATH_SEARCH_PATHS = "$(inherited) @executable_path/Frameworks";
				PRODUCT_BUNDLE_IDENTIFIER = self.edu.NewsReader;
				PRODUCT_NAME = "$(TARGET_NAME)";
				SWIFT_VERSION = 3.0;
			};
			name = Release;
		};
/* End XCBuildConfiguration section */

/* Begin XCConfigurationList section */
		AEB6D19E1E46C226006A23EB /* Build configuration list for PBXProject "NewsReader" */ = {
			isa = XCConfigurationList;
			buildConfigurations = (
				AEB6D1B31E46C226006A23EB /* Debug */,
				AEB6D1B41E46C226006A23EB /* Release */,
			);
			defaultConfigurationIsVisible = 0;
			defaultConfigurationName = Release;
		};
		AEB6D1B51E46C226006A23EB /* Build configuration list for PBXNativeTarget "NewsReader" */ = {
			isa = XCConfigurationList;
			buildConfigurations = (
				AEB6D1B61E46C226006A23EB /* Debug */,
				AEB6D1B71E46C226006A23EB /* Release */,
			);
			defaultConfigurationIsVisible = 0;
		};
/* End XCConfigurationList section */
	};
	rootObject = AEB6D19B1E46C226006A23EB /* Project object */;
}
